
Microsoft Visual Studio Solution File, Format Version 12.00
# Visual Studio Version 16
VisualStudioVersion = 16.0.28822.285
MinimumVisualStudioVersion = 10.0.40219.1
Project("{2150E333-8FDC-42A3-9474-1A3956D46DE8}") = "Wd3eCore.Modules.Cms", "Wd3eCore.Modules.Cms", "{90030E85-0C4F-456F-B879-443E8A3F220D}"
EndProject
Project("{2150E333-8FDC-42A3-9474-1A3956D46DE8}") = "src", "src", "{275E087F-A4E2-4A7B-A924-ED68E3A52086}"
EndProject
Project("{2150E333-8FDC-42A3-9474-1A3956D46DE8}") = "Wd3eCore", "Wd3eCore", "{F23AC6C2-DE44-4699-999D-3C478EF3D691}"
EndProject
Project("{2150E333-8FDC-42A3-9474-1A3956D46DE8}") = "Wd3eCore.Themes", "Wd3eCore.Themes", "{AF3BADEA-CC93-4116-B3C1-F8D074EBEE4F}"
EndProject
Project("{2150E333-8FDC-42A3-9474-1A3956D46DE8}") = "Wd3eCore.Modules", "Wd3eCore.Modules", "{A066395F-6F73-45DC-B5A6-B4E306110DCE}"
EndProject
Project("{9A19103F-16F7-4668-BE54-9A1E7A4F7556}") = "Wd3eCore.DisplayManagement", "src\Wd3eCore\Wd3eCore.DisplayManagement\Wd3eCore.DisplayManagement.csproj", "{08D9CD53-5812-4429-B163-0ECBB268B045}"
EndProject
Project("{9A19103F-16F7-4668-BE54-9A1E7A4F7556}") = "Wd3eCore.Data", "src\Wd3eCore\Wd3eCore.Data\Wd3eCore.Data.csproj", "{D665DADA-2F39-4EF7-BA71-BC34AED06CBF}"
EndProject
Project("{9A19103F-16F7-4668-BE54-9A1E7A4F7556}") = "Wd3eCore.ContentManagement.Display", "src\Wd3eCore\Wd3eCore.ContentManagement.Display\Wd3eCore.ContentManagement.Display.csproj", "{ED05316B-7093-441E-84A3-C4836C748DCF}"
EndProject
Project("{9A19103F-16F7-4668-BE54-9A1E7A4F7556}") = "Wd3eCore.ContentManagement", "src\Wd3eCore\Wd3eCore.ContentManagement\Wd3eCore.ContentManagement.csproj", "{2D0A6C74-33EE-46AA-9B94-AC2600E67AC5}"
EndProject
Project("{9A19103F-16F7-4668-BE54-9A1E7A4F7556}") = "Wd3eCore.ContentManagement.Abstractions", "src\Wd3eCore\Wd3eCore.ContentManagement.Abstractions\Wd3eCore.ContentManagement.Abstractions.csproj", "{258C4D94-8BBF-4B10-8E17-5376BB4CE4D5}"
EndProject
Project("{9A19103F-16F7-4668-BE54-9A1E7A4F7556}") = "Wd3eCore.Admin.Abstractions", "src\Wd3eCore\Wd3eCore.Admin.Abstractions\Wd3eCore.Admin.Abstractions.csproj", "{C54B0878-5E52-4DE2-A387-F593F5F097D7}"
EndProject
Project("{9A19103F-16F7-4668-BE54-9A1E7A4F7556}") = "Wd3eCore.Recipes.Abstractions", "src\Wd3eCore\Wd3eCore.Recipes.Abstractions\Wd3eCore.Recipes.Abstractions.csproj", "{7CAD05EF-1081-4479-872E-E67444023605}"
EndProject
Project("{9A19103F-16F7-4668-BE54-9A1E7A4F7556}") = "Wd3eCore.ResourceManagement", "src\Wd3eCore\Wd3eCore.ResourceManagement\Wd3eCore.ResourceManagement.csproj", "{08A15913-72D1-4898-9BA5-228CB79EE5FE}"
EndProject
Project("{9A19103F-16F7-4668-BE54-9A1E7A4F7556}") = "Wd3eCore.ResourceManagement.Abstractions", "src\Wd3eCore\Wd3eCore.ResourceManagement.Abstractions\Wd3eCore.ResourceManagement.Abstractions.csproj", "{19CE9630-AC73-4C32-AB75-F40FE1F317AA}"
EndProject
Project("{9A19103F-16F7-4668-BE54-9A1E7A4F7556}") = "Wd3eCore.Data.Abstractions", "src\Wd3eCore\Wd3eCore.Data.Abstractions\Wd3eCore.Data.Abstractions.csproj", "{FDB57330-DBB0-466C-B488-C81F8BFC6BDD}"
EndProject
Project("{9A19103F-16F7-4668-BE54-9A1E7A4F7556}") = "Wd3eCore.Recipes.Core", "src\Wd3eCore\Wd3eCore.Recipes.Core\Wd3eCore.Recipes.Core.csproj", "{F1A7EE1A-DB21-40E9-A215-B9093CBE3116}"
EndProject
Project("{9A19103F-16F7-4668-BE54-9A1E7A4F7556}") = "Wd3eCore.Deployment.Abstractions", "src\Wd3eCore\Wd3eCore.Deployment.Abstractions\Wd3eCore.Deployment.Abstractions.csproj", "{F889E955-77A9-44FA-8663-674BE39C23F0}"
EndProject
Project("{9A19103F-16F7-4668-BE54-9A1E7A4F7556}") = "Wd3eCore.Scripting.JavaScript", "src\Wd3eCore\Wd3eCore.Scripting.JavaScript\Wd3eCore.Scripting.JavaScript.csproj", "{64B42E50-21A3-4F42-8D9D-CAD30493ECA1}"
EndProject
Project("{9A19103F-16F7-4668-BE54-9A1E7A4F7556}") = "Wd3eCore.Mvc.Core", "src\Wd3eCore\Wd3eCore.Mvc.Core\Wd3eCore.Mvc.Core.csproj", "{9E4E6CCB-7E1C-45CA-A4BB-43D8102DF086}"
EndProject
Project("{2150E333-8FDC-42A3-9474-1A3956D46DE8}") = "Wd3eCore.Frameworks", "Wd3eCore.Frameworks", "{04472175-8BFD-4BA6-A0E4-241F186F89CC}"
EndProject
Project("{9A19103F-16F7-4668-BE54-9A1E7A4F7556}") = "Wd3eCore.Cms.Web", "src\Wd3eCore.Cms.Web\Wd3eCore.Cms.Web.csproj", "{9D78FE2C-4179-47F6-B28A-034868280197}"
EndProject
Project("{9A19103F-16F7-4668-BE54-9A1E7A4F7556}") = "Wd3eCore.Admin", "src\Wd3eCore.Modules\Wd3eCore.Admin\Wd3eCore.Admin.csproj", "{2FE86E75-3007-4BCC-9FFD-B3D1FF06CA89}"
EndProject
Project("{9A19103F-16F7-4668-BE54-9A1E7A4F7556}") = "Wd3eCore.Diagnostics", "src\Wd3eCore.Modules\Wd3eCore.Diagnostics\Wd3eCore.Diagnostics.csproj", "{6A46E0DC-D958-46D9-A62D-45D7685E4FAA}"
EndProject
Project("{9A19103F-16F7-4668-BE54-9A1E7A4F7556}") = "Wd3eCore.DynamicCache", "src\Wd3eCore.Modules\Wd3eCore.DynamicCache\Wd3eCore.DynamicCache.csproj", "{B2857A9B-4405-402A-91C3-CFB63BEE5A70}"
EndProject
Project("{9A19103F-16F7-4668-BE54-9A1E7A4F7556}") = "Wd3eCore.Features", "src\Wd3eCore.Modules\Wd3eCore.Features\Wd3eCore.Features.csproj", "{C585E8D0-E63E-4A4F-B2C6-014EC6954C22}"
EndProject
Project("{9A19103F-16F7-4668-BE54-9A1E7A4F7556}") = "Wd3eCore.Navigation", "src\Wd3eCore.Modules\Wd3eCore.Navigation\Wd3eCore.Navigation.csproj", "{09EBCFD3-0802-4D18-AD79-FA76D1350C91}"
EndProject
Project("{9A19103F-16F7-4668-BE54-9A1E7A4F7556}") = "Wd3eCore.Recipes", "src\Wd3eCore.Modules\Wd3eCore.Recipes\Wd3eCore.Recipes.csproj", "{467DDCBB-A0B8-4CC9-812F-70E82385BE93}"
EndProject
Project("{9A19103F-16F7-4668-BE54-9A1E7A4F7556}") = "Wd3eCore.Resources", "src\Wd3eCore.Modules\Wd3eCore.Resources\Wd3eCore.Resources.csproj", "{B8635509-F09B-454C-822E-CBD96FA170B6}"
EndProject
Project("{9A19103F-16F7-4668-BE54-9A1E7A4F7556}") = "Wd3eCore.Roles", "src\Wd3eCore.Modules\Wd3eCore.Roles\Wd3eCore.Roles.csproj", "{EA4381F6-0C42-4665-943C-A17C1DAA0A8C}"
EndProject
Project("{9A19103F-16F7-4668-BE54-9A1E7A4F7556}") = "Wd3eCore.Scripting", "src\Wd3eCore.Modules\Wd3eCore.Scripting\Wd3eCore.Scripting.csproj", "{82D41F07-5E15-4862-B5D2-69BEFC6B1431}"
EndProject
Project("{9A19103F-16F7-4668-BE54-9A1E7A4F7556}") = "Wd3eCore.Settings", "src\Wd3eCore.Modules\Wd3eCore.Settings\Wd3eCore.Settings.csproj", "{739B76C3-64A9-4888-8F3A-7F5D06B7B9EA}"
EndProject
Project("{9A19103F-16F7-4668-BE54-9A1E7A4F7556}") = "Wd3eCore.Setup", "src\Wd3eCore.Modules\Wd3eCore.Setup\Wd3eCore.Setup.csproj", "{25B7E1B1-3157-4FD2-8604-A2085C4770B1}"
EndProject
Project("{9A19103F-16F7-4668-BE54-9A1E7A4F7556}") = "Wd3eCore.Tenants", "src\Wd3eCore.Modules\Wd3eCore.Tenants\Wd3eCore.Tenants.csproj", "{0974EAB5-2CD0-4A56-A2AA-9788E1DFA125}"
EndProject
Project("{9A19103F-16F7-4668-BE54-9A1E7A4F7556}") = "Wd3eCore.Themes", "src\Wd3eCore.Modules\Wd3eCore.Themes\Wd3eCore.Themes.csproj", "{AC124C5D-B8D5-49C1-900E-3D030D70D741}"
EndProject
Project("{9A19103F-16F7-4668-BE54-9A1E7A4F7556}") = "Wd3eCore.Users", "src\Wd3eCore.Modules\Wd3eCore.Users\Wd3eCore.Users.csproj", "{F22E5BD1-5A2E-4E2F-AB91-F56DD547F977}"
EndProject
Project("{9A19103F-16F7-4668-BE54-9A1E7A4F7556}") = "Wd3eCore.HomeRoute", "src\Wd3eCore.Modules\Wd3eCore.HomeRoute\Wd3eCore.HomeRoute.csproj", "{5EB5136A-5B83-43F7-A887-6A293FE5AFD4}"
EndProject
Project("{9A19103F-16F7-4668-BE54-9A1E7A4F7556}") = "SafeMode", "src\Wd3eCore.Themes\SafeMode\SafeMode.csproj", "{A076B995-1549-442D-BD7E-2D15656591C7}"
EndProject
Project("{9A19103F-16F7-4668-BE54-9A1E7A4F7556}") = "TheAdmin", "src\Wd3eCore.Themes\TheAdmin\TheAdmin.csproj", "{32ED1DD0-E97C-4339-B181-CAD6E1456686}"
EndProject
Project("{9A19103F-16F7-4668-BE54-9A1E7A4F7556}") = "TheTheme", "src\Wd3eCore.Themes\TheTheme\TheTheme.csproj", "{964ABC5F-41DC-407D-8C33-E1AD71959A73}"
EndProject
Project("{9A19103F-16F7-4668-BE54-9A1E7A4F7556}") = "Wd3eCore.Module.Targets", "src\Wd3eCore\Wd3eCore.Module.Targets\Wd3eCore.Module.Targets.csproj", "{74EEC630-9740-40BF-A6CF-2E0B95AA6DE1}"
EndProject
Project("{9A19103F-16F7-4668-BE54-9A1E7A4F7556}") = "Wd3eCore.Theme.Targets", "src\Wd3eCore\Wd3eCore.Theme.Targets\Wd3eCore.Theme.Targets.csproj", "{06139E4B-C94D-4090-95AB-C6E137BE9756}"
EndProject
Project("{9A19103F-16F7-4668-BE54-9A1E7A4F7556}") = "Wd3eCore.Application.Cms.Targets", "src\Wd3eCore\Wd3eCore.Application.Cms.Targets\Wd3eCore.Application.Cms.Targets.csproj", "{2B34D23B-1D69-46FE-B695-930AA3C0956B}"
EndProject
Project("{2150E333-8FDC-42A3-9474-1A3956D46DE8}") = "Targets", "Targets", "{3398AB60-2DB7-464C-B211-C4120BE75582}"
EndProject
Project("{9A19103F-16F7-4668-BE54-9A1E7A4F7556}") = "Wd3eCore.Logging.NLog", "src\Wd3eCore\Wd3eCore.Logging.NLog\Wd3eCore.Logging.NLog.csproj", "{00677E44-3048-4BAA-8F97-B577CC0EB788}"
EndProject
Project("{9A19103F-16F7-4668-BE54-9A1E7A4F7556}") = "Wd3eCore.Liquid.Abstractions", "src\Wd3eCore\Wd3eCore.Liquid.Abstractions\Wd3eCore.Liquid.Abstractions.csproj", "{2DF44392-8882-46B1-8061-61DDBCA358BD}"
EndProject
Project("{9A19103F-16F7-4668-BE54-9A1E7A4F7556}") = "Wd3eCore.Users.Abstractions", "src\Wd3eCore\Wd3eCore.Users.Abstractions\Wd3eCore.Users.Abstractions.csproj", "{5C2FCDBA-408B-4AEB-9920-D648324A270F}"
EndProject
Project("{9A19103F-16F7-4668-BE54-9A1E7A4F7556}") = "Wd3eCore.Users.Core", "src\Wd3eCore\Wd3eCore.Users.Core\Wd3eCore.Users.Core.csproj", "{1107E134-58ED-41CC-9B69-0B33AB91B8E8}"
EndProject
Project("{9A19103F-16F7-4668-BE54-9A1E7A4F7556}") = "Wd3eCore.Localization.Abstractions", "src\Wd3eCore\Wd3eCore.Localization.Abstractions\Wd3eCore.Localization.Abstractions.csproj", "{DD35341A-6707-459D-9A56-E32A9E6CD1E7}"
EndProject
Project("{9A19103F-16F7-4668-BE54-9A1E7A4F7556}") = "Wd3eCore.Localization.Core", "src\Wd3eCore\Wd3eCore.Localization.Core\Wd3eCore.Localization.Core.csproj", "{844BF139-69A8-4FB8-BCAB-5E9D3FDDA3E8}"
EndProject
Project("{9A19103F-16F7-4668-BE54-9A1E7A4F7556}") = "Wd3eCore.Localization", "src\Wd3eCore.Modules\Wd3eCore.Localization\Wd3eCore.Localization.csproj", "{6F5E6A59-C578-4C26-9016-06A0CD357FAE}"
EndProject
Project("{9A19103F-16F7-4668-BE54-9A1E7A4F7556}") = "Wd3eCore.Setup.Abstractions", "src\Wd3eCore\Wd3eCore.Setup.Abstractions\Wd3eCore.Setup.Abstractions.csproj", "{7625A5C3-2548-4B64-9FB1-B55866829F33}"
EndProject
Project("{9A19103F-16F7-4668-BE54-9A1E7A4F7556}") = "Wd3eCore.Application.Targets", "src\Wd3eCore\Wd3eCore.Application.Targets\Wd3eCore.Application.Targets.csproj", "{7D28EEFB-17FD-4D86-99E4-6B5A3C490BE3}"
EndProject
Project("{2150E333-8FDC-42A3-9474-1A3956D46DE8}") = "build", "build", "{184139CF-C4AB-4FBE-AE19-54C8B3FE5C5E}"
	ProjectSection(SolutionItems) = preProject
		src\Wd3eCore.Build\Dependencies.AspNetCore.props = src\Wd3eCore.Build\Dependencies.AspNetCore.props
		src\Wd3eCore.Build\Dependencies.props = src\Wd3eCore.Build\Dependencies.props
		NuGet.config = NuGet.config
		src\Wd3eCore.Build\Wd3eCore.Commons.props = src\Wd3eCore.Build\Wd3eCore.Commons.props
		src\Wd3eCore.Build\Wd3eCore.Commons.targets = src\Wd3eCore.Build\Wd3eCore.Commons.targets
	EndProjectSection
EndProject
Project("{9A19103F-16F7-4668-BE54-9A1E7A4F7556}") = "Wd3eCore.Email.Abstractions", "src\Wd3eCore\Wd3eCore.Email.Abstractions\Wd3eCore.Email.Abstractions.csproj", "{4F596116-C130-41F1-8D4D-7ED73E43D257}"
EndProject
Project("{9A19103F-16F7-4668-BE54-9A1E7A4F7556}") = "Wd3eCore.Workflows.Abstractions", "src\Wd3eCore\Wd3eCore.Workflows.Abstractions\Wd3eCore.Workflows.Abstractions.csproj", "{DE05E6A4-EDF4-4A88-80BF-328CA3AEAEAC}"
EndProject
Project("{2150E333-8FDC-42A3-9474-1A3956D46DE8}") = "Solution Items", "Solution Items", "{68F6113F-2F08-4412-B5E7-41B7164A0C7F}"
	ProjectSection(SolutionItems) = preProject
		gulpfile.js = gulpfile.js
		package.json = package.json
	EndProjectSection
EndProject
Project("{9A19103F-16F7-4668-BE54-9A1E7A4F7556}") = "Wd3eCore", "src\Wd3eCore\Wd3eCore\Wd3eCore.csproj", "{4D6A8061-14A5-4E0B-8D0B-8B7C67A0EA24}"
EndProject
Project("{9A19103F-16F7-4668-BE54-9A1E7A4F7556}") = "Wd3eCore.Abstractions", "src\Wd3eCore\Wd3eCore.Abstractions\Wd3eCore.Abstractions.csproj", "{F145B68A-E3A7-4001-9C56-A5EC3DDE329C}"
EndProject
Project("{9A19103F-16F7-4668-BE54-9A1E7A4F7556}") = "Wd3eCore.DisplayManagement.Abstractions", "src\Wd3eCore\Wd3eCore.DisplayManagement.Abstractions\Wd3eCore.DisplayManagement.Abstractions.csproj", "{DA38A60E-1D85-41BC-BED2-07AA721EE9C7}"
EndProject
Project("{9A19103F-16F7-4668-BE54-9A1E7A4F7556}") = "Wd3eCore.Navigation.Core", "src\Wd3eCore\Wd3eCore.Navigation.Core\Wd3eCore.Navigation.Core.csproj", "{0B8F189D-B697-457C-B2D5-E1C65EA349BC}"
EndProject
Project("{9A19103F-16F7-4668-BE54-9A1E7A4F7556}") = "Wd3eCore.DynamicCache.Abstractions", "src\Wd3eCore\Wd3eCore.DynamicCache.Abstractions\Wd3eCore.DynamicCache.Abstractions.csproj", "{61816498-35A2-48E2-8EFE-96E90C652675}"
EndProject
Project("{9A19103F-16F7-4668-BE54-9A1E7A4F7556}") = "Wd3eCore.Infrastructure", "src\Wd3eCore\Wd3eCore.Infrastructure\Wd3eCore.Infrastructure.csproj", "{9FC1AA36-6334-4A62-AB19-C091BBFDD1E0}"
EndProject
Project("{9A19103F-16F7-4668-BE54-9A1E7A4F7556}") = "Wd3eCore.Infrastructure.Abstractions", "src\Wd3eCore\Wd3eCore.Infrastructure.Abstractions\Wd3eCore.Infrastructure.Abstractions.csproj", "{7440FFDC-3815-4C7D-B4C6-FE1D521AD1FE}"
EndProject
Project("{9A19103F-16F7-4668-BE54-9A1E7A4F7556}") = "Wd3eCore.Setup.Core", "src\Wd3eCore\Wd3eCore.Setup.Core\Wd3eCore.Setup.Core.csproj", "{65543A7D-9B20-4C42-9072-1C12BEA1FDEE}"
EndProject
Project("{9A19103F-16F7-4668-BE54-9A1E7A4F7556}") = "Wd3eCore.Apis.GraphQL.Abstractions", "src\Wd3eCore\Wd3eCore.Apis.GraphQL.Abstractions\Wd3eCore.Apis.GraphQL.Abstractions.csproj", "{A0B71FF5-2E4D-4B17-99D9-B3C2C1C593E6}"
EndProject
Project("{9A19103F-16F7-4668-BE54-9A1E7A4F7556}") = "Wd3eCore.ResponseCompression", "src\Wd3eCore.Modules\Wd3eCore.ResponseCompression\Wd3eCore.ResponseCompression.csproj", "{C6EEBB52-183F-418F-A5C0-458D146C10A2}"
EndProject
Project("{9A19103F-16F7-4668-BE54-9A1E7A4F7556}") = "Wd3eCore.HealthChecks", "src\Wd3eCore.Modules\Wd3eCore.HealthChecks\Wd3eCore.HealthChecks.csproj", "{76023624-8D28-4666-9CA6-5978ACC2571D}"
EndProject
Project("{9A19103F-16F7-4668-BE54-9A1E7A4F7556}") = "Wd3eCore.Application.Cms.Core.Targets", "src\Wd3eCore\Wd3eCore.Application.Cms.Core.Targets\Wd3eCore.Application.Cms.Core.Targets.csproj", "{AEDB2C9D-938E-484A-8DD8-7429E2BBB2A2}"
EndProject
Project("{9A19103F-16F7-4668-BE54-9A1E7A4F7556}") = "Wd3eCore.Email", "src\Wd3eCore.Modules\Wd3eCore.Email\Wd3eCore.Email.csproj", "{1CB2DBCA-F097-485B-AD60-D3F427172259}"
EndProject
Global
	GlobalSection(SolutionConfigurationPlatforms) = preSolution
		Debug|Any CPU = Debug|Any CPU
		Release|Any CPU = Release|Any CPU
	EndGlobalSection
	GlobalSection(ProjectConfigurationPlatforms) = postSolution
		{08D9CD53-5812-4429-B163-0ECBB268B045}.Debug|Any CPU.ActiveCfg = Debug|Any CPU
		{08D9CD53-5812-4429-B163-0ECBB268B045}.Debug|Any CPU.Build.0 = Debug|Any CPU
		{08D9CD53-5812-4429-B163-0ECBB268B045}.Release|Any CPU.ActiveCfg = Release|Any CPU
		{08D9CD53-5812-4429-B163-0ECBB268B045}.Release|Any CPU.Build.0 = Release|Any CPU
		{D665DADA-2F39-4EF7-BA71-BC34AED06CBF}.Debug|Any CPU.ActiveCfg = Debug|Any CPU
		{D665DADA-2F39-4EF7-BA71-BC34AED06CBF}.Debug|Any CPU.Build.0 = Debug|Any CPU
		{D665DADA-2F39-4EF7-BA71-BC34AED06CBF}.Release|Any CPU.ActiveCfg = Release|Any CPU
		{D665DADA-2F39-4EF7-BA71-BC34AED06CBF}.Release|Any CPU.Build.0 = Release|Any CPU
		{ED05316B-7093-441E-84A3-C4836C748DCF}.Debug|Any CPU.ActiveCfg = Debug|Any CPU
		{ED05316B-7093-441E-84A3-C4836C748DCF}.Debug|Any CPU.Build.0 = Debug|Any CPU
		{ED05316B-7093-441E-84A3-C4836C748DCF}.Release|Any CPU.ActiveCfg = Release|Any CPU
		{ED05316B-7093-441E-84A3-C4836C748DCF}.Release|Any CPU.Build.0 = Release|Any CPU
		{2D0A6C74-33EE-46AA-9B94-AC2600E67AC5}.Debug|Any CPU.ActiveCfg = Debug|Any CPU
		{2D0A6C74-33EE-46AA-9B94-AC2600E67AC5}.Debug|Any CPU.Build.0 = Debug|Any CPU
		{2D0A6C74-33EE-46AA-9B94-AC2600E67AC5}.Release|Any CPU.ActiveCfg = Release|Any CPU
		{2D0A6C74-33EE-46AA-9B94-AC2600E67AC5}.Release|Any CPU.Build.0 = Release|Any CPU
		{258C4D94-8BBF-4B10-8E17-5376BB4CE4D5}.Debug|Any CPU.ActiveCfg = Debug|Any CPU
		{258C4D94-8BBF-4B10-8E17-5376BB4CE4D5}.Debug|Any CPU.Build.0 = Debug|Any CPU
		{258C4D94-8BBF-4B10-8E17-5376BB4CE4D5}.Release|Any CPU.ActiveCfg = Release|Any CPU
		{258C4D94-8BBF-4B10-8E17-5376BB4CE4D5}.Release|Any CPU.Build.0 = Release|Any CPU
		{C54B0878-5E52-4DE2-A387-F593F5F097D7}.Debug|Any CPU.ActiveCfg = Debug|Any CPU
		{C54B0878-5E52-4DE2-A387-F593F5F097D7}.Debug|Any CPU.Build.0 = Debug|Any CPU
		{C54B0878-5E52-4DE2-A387-F593F5F097D7}.Release|Any CPU.ActiveCfg = Release|Any CPU
		{C54B0878-5E52-4DE2-A387-F593F5F097D7}.Release|Any CPU.Build.0 = Release|Any CPU
		{7CAD05EF-1081-4479-872E-E67444023605}.Debug|Any CPU.ActiveCfg = Debug|Any CPU
		{7CAD05EF-1081-4479-872E-E67444023605}.Debug|Any CPU.Build.0 = Debug|Any CPU
		{7CAD05EF-1081-4479-872E-E67444023605}.Release|Any CPU.ActiveCfg = Release|Any CPU
		{7CAD05EF-1081-4479-872E-E67444023605}.Release|Any CPU.Build.0 = Release|Any CPU
		{08A15913-72D1-4898-9BA5-228CB79EE5FE}.Debug|Any CPU.ActiveCfg = Debug|Any CPU
		{08A15913-72D1-4898-9BA5-228CB79EE5FE}.Debug|Any CPU.Build.0 = Debug|Any CPU
		{08A15913-72D1-4898-9BA5-228CB79EE5FE}.Release|Any CPU.ActiveCfg = Release|Any CPU
		{08A15913-72D1-4898-9BA5-228CB79EE5FE}.Release|Any CPU.Build.0 = Release|Any CPU
		{19CE9630-AC73-4C32-AB75-F40FE1F317AA}.Debug|Any CPU.ActiveCfg = Debug|Any CPU
		{19CE9630-AC73-4C32-AB75-F40FE1F317AA}.Debug|Any CPU.Build.0 = Debug|Any CPU
		{19CE9630-AC73-4C32-AB75-F40FE1F317AA}.Release|Any CPU.ActiveCfg = Release|Any CPU
		{19CE9630-AC73-4C32-AB75-F40FE1F317AA}.Release|Any CPU.Build.0 = Release|Any CPU
		{FDB57330-DBB0-466C-B488-C81F8BFC6BDD}.Debug|Any CPU.ActiveCfg = Debug|Any CPU
		{FDB57330-DBB0-466C-B488-C81F8BFC6BDD}.Debug|Any CPU.Build.0 = Debug|Any CPU
		{FDB57330-DBB0-466C-B488-C81F8BFC6BDD}.Release|Any CPU.ActiveCfg = Release|Any CPU
		{FDB57330-DBB0-466C-B488-C81F8BFC6BDD}.Release|Any CPU.Build.0 = Release|Any CPU
		{F1A7EE1A-DB21-40E9-A215-B9093CBE3116}.Debug|Any CPU.ActiveCfg = Debug|Any CPU
		{F1A7EE1A-DB21-40E9-A215-B9093CBE3116}.Debug|Any CPU.Build.0 = Debug|Any CPU
		{F1A7EE1A-DB21-40E9-A215-B9093CBE3116}.Release|Any CPU.ActiveCfg = Release|Any CPU
		{F1A7EE1A-DB21-40E9-A215-B9093CBE3116}.Release|Any CPU.Build.0 = Release|Any CPU
		{F889E955-77A9-44FA-8663-674BE39C23F0}.Debug|Any CPU.ActiveCfg = Debug|Any CPU
		{F889E955-77A9-44FA-8663-674BE39C23F0}.Debug|Any CPU.Build.0 = Debug|Any CPU
		{F889E955-77A9-44FA-8663-674BE39C23F0}.Release|Any CPU.ActiveCfg = Release|Any CPU
		{F889E955-77A9-44FA-8663-674BE39C23F0}.Release|Any CPU.Build.0 = Release|Any CPU
		{64B42E50-21A3-4F42-8D9D-CAD30493ECA1}.Debug|Any CPU.ActiveCfg = Debug|Any CPU
		{64B42E50-21A3-4F42-8D9D-CAD30493ECA1}.Debug|Any CPU.Build.0 = Debug|Any CPU
		{64B42E50-21A3-4F42-8D9D-CAD30493ECA1}.Release|Any CPU.ActiveCfg = Release|Any CPU
		{64B42E50-21A3-4F42-8D9D-CAD30493ECA1}.Release|Any CPU.Build.0 = Release|Any CPU
		{9E4E6CCB-7E1C-45CA-A4BB-43D8102DF086}.Debug|Any CPU.ActiveCfg = Debug|Any CPU
		{9E4E6CCB-7E1C-45CA-A4BB-43D8102DF086}.Debug|Any CPU.Build.0 = Debug|Any CPU
		{9E4E6CCB-7E1C-45CA-A4BB-43D8102DF086}.Release|Any CPU.ActiveCfg = Release|Any CPU
		{9E4E6CCB-7E1C-45CA-A4BB-43D8102DF086}.Release|Any CPU.Build.0 = Release|Any CPU
		{9D78FE2C-4179-47F6-B28A-034868280197}.Debug|Any CPU.ActiveCfg = Debug|Any CPU
		{9D78FE2C-4179-47F6-B28A-034868280197}.Debug|Any CPU.Build.0 = Debug|Any CPU
		{9D78FE2C-4179-47F6-B28A-034868280197}.Release|Any CPU.ActiveCfg = Release|Any CPU
		{9D78FE2C-4179-47F6-B28A-034868280197}.Release|Any CPU.Build.0 = Release|Any CPU
		{2FE86E75-3007-4BCC-9FFD-B3D1FF06CA89}.Debug|Any CPU.ActiveCfg = Debug|Any CPU
		{2FE86E75-3007-4BCC-9FFD-B3D1FF06CA89}.Debug|Any CPU.Build.0 = Debug|Any CPU
		{2FE86E75-3007-4BCC-9FFD-B3D1FF06CA89}.Release|Any CPU.ActiveCfg = Release|Any CPU
		{2FE86E75-3007-4BCC-9FFD-B3D1FF06CA89}.Release|Any CPU.Build.0 = Release|Any CPU
		{6A46E0DC-D958-46D9-A62D-45D7685E4FAA}.Debug|Any CPU.ActiveCfg = Debug|Any CPU
		{6A46E0DC-D958-46D9-A62D-45D7685E4FAA}.Debug|Any CPU.Build.0 = Debug|Any CPU
		{6A46E0DC-D958-46D9-A62D-45D7685E4FAA}.Release|Any CPU.ActiveCfg = Release|Any CPU
		{6A46E0DC-D958-46D9-A62D-45D7685E4FAA}.Release|Any CPU.Build.0 = Release|Any CPU
		{B2857A9B-4405-402A-91C3-CFB63BEE5A70}.Debug|Any CPU.ActiveCfg = Debug|Any CPU
		{B2857A9B-4405-402A-91C3-CFB63BEE5A70}.Debug|Any CPU.Build.0 = Debug|Any CPU
		{B2857A9B-4405-402A-91C3-CFB63BEE5A70}.Release|Any CPU.ActiveCfg = Release|Any CPU
		{B2857A9B-4405-402A-91C3-CFB63BEE5A70}.Release|Any CPU.Build.0 = Release|Any CPU
		{C585E8D0-E63E-4A4F-B2C6-014EC6954C22}.Debug|Any CPU.ActiveCfg = Debug|Any CPU
		{C585E8D0-E63E-4A4F-B2C6-014EC6954C22}.Debug|Any CPU.Build.0 = Debug|Any CPU
		{C585E8D0-E63E-4A4F-B2C6-014EC6954C22}.Release|Any CPU.ActiveCfg = Release|Any CPU
		{C585E8D0-E63E-4A4F-B2C6-014EC6954C22}.Release|Any CPU.Build.0 = Release|Any CPU
		{09EBCFD3-0802-4D18-AD79-FA76D1350C91}.Debug|Any CPU.ActiveCfg = Debug|Any CPU
		{09EBCFD3-0802-4D18-AD79-FA76D1350C91}.Debug|Any CPU.Build.0 = Debug|Any CPU
		{09EBCFD3-0802-4D18-AD79-FA76D1350C91}.Release|Any CPU.ActiveCfg = Release|Any CPU
		{09EBCFD3-0802-4D18-AD79-FA76D1350C91}.Release|Any CPU.Build.0 = Release|Any CPU
		{467DDCBB-A0B8-4CC9-812F-70E82385BE93}.Debug|Any CPU.ActiveCfg = Debug|Any CPU
		{467DDCBB-A0B8-4CC9-812F-70E82385BE93}.Debug|Any CPU.Build.0 = Debug|Any CPU
		{467DDCBB-A0B8-4CC9-812F-70E82385BE93}.Release|Any CPU.ActiveCfg = Release|Any CPU
		{467DDCBB-A0B8-4CC9-812F-70E82385BE93}.Release|Any CPU.Build.0 = Release|Any CPU
		{B8635509-F09B-454C-822E-CBD96FA170B6}.Debug|Any CPU.ActiveCfg = Debug|Any CPU
		{B8635509-F09B-454C-822E-CBD96FA170B6}.Debug|Any CPU.Build.0 = Debug|Any CPU
		{B8635509-F09B-454C-822E-CBD96FA170B6}.Release|Any CPU.ActiveCfg = Release|Any CPU
		{B8635509-F09B-454C-822E-CBD96FA170B6}.Release|Any CPU.Build.0 = Release|Any CPU
		{EA4381F6-0C42-4665-943C-A17C1DAA0A8C}.Debug|Any CPU.ActiveCfg = Debug|Any CPU
		{EA4381F6-0C42-4665-943C-A17C1DAA0A8C}.Debug|Any CPU.Build.0 = Debug|Any CPU
		{EA4381F6-0C42-4665-943C-A17C1DAA0A8C}.Release|Any CPU.ActiveCfg = Release|Any CPU
		{EA4381F6-0C42-4665-943C-A17C1DAA0A8C}.Release|Any CPU.Build.0 = Release|Any CPU
		{82D41F07-5E15-4862-B5D2-69BEFC6B1431}.Debug|Any CPU.ActiveCfg = Debug|Any CPU
		{82D41F07-5E15-4862-B5D2-69BEFC6B1431}.Debug|Any CPU.Build.0 = Debug|Any CPU
		{82D41F07-5E15-4862-B5D2-69BEFC6B1431}.Release|Any CPU.ActiveCfg = Release|Any CPU
		{82D41F07-5E15-4862-B5D2-69BEFC6B1431}.Release|Any CPU.Build.0 = Release|Any CPU
		{739B76C3-64A9-4888-8F3A-7F5D06B7B9EA}.Debug|Any CPU.ActiveCfg = Debug|Any CPU
		{739B76C3-64A9-4888-8F3A-7F5D06B7B9EA}.Debug|Any CPU.Build.0 = Debug|Any CPU
		{739B76C3-64A9-4888-8F3A-7F5D06B7B9EA}.Release|Any CPU.ActiveCfg = Release|Any CPU
		{739B76C3-64A9-4888-8F3A-7F5D06B7B9EA}.Release|Any CPU.Build.0 = Release|Any CPU
		{25B7E1B1-3157-4FD2-8604-A2085C4770B1}.Debug|Any CPU.ActiveCfg = Debug|Any CPU
		{25B7E1B1-3157-4FD2-8604-A2085C4770B1}.Debug|Any CPU.Build.0 = Debug|Any CPU
		{25B7E1B1-3157-4FD2-8604-A2085C4770B1}.Release|Any CPU.ActiveCfg = Release|Any CPU
		{25B7E1B1-3157-4FD2-8604-A2085C4770B1}.Release|Any CPU.Build.0 = Release|Any CPU
		{0974EAB5-2CD0-4A56-A2AA-9788E1DFA125}.Debug|Any CPU.ActiveCfg = Debug|Any CPU
		{0974EAB5-2CD0-4A56-A2AA-9788E1DFA125}.Debug|Any CPU.Build.0 = Debug|Any CPU
		{0974EAB5-2CD0-4A56-A2AA-9788E1DFA125}.Release|Any CPU.ActiveCfg = Release|Any CPU
		{0974EAB5-2CD0-4A56-A2AA-9788E1DFA125}.Release|Any CPU.Build.0 = Release|Any CPU
		{AC124C5D-B8D5-49C1-900E-3D030D70D741}.Debug|Any CPU.ActiveCfg = Debug|Any CPU
		{AC124C5D-B8D5-49C1-900E-3D030D70D741}.Debug|Any CPU.Build.0 = Debug|Any CPU
		{AC124C5D-B8D5-49C1-900E-3D030D70D741}.Release|Any CPU.ActiveCfg = Release|Any CPU
		{AC124C5D-B8D5-49C1-900E-3D030D70D741}.Release|Any CPU.Build.0 = Release|Any CPU
		{F22E5BD1-5A2E-4E2F-AB91-F56DD547F977}.Debug|Any CPU.ActiveCfg = Debug|Any CPU
		{F22E5BD1-5A2E-4E2F-AB91-F56DD547F977}.Debug|Any CPU.Build.0 = Debug|Any CPU
		{F22E5BD1-5A2E-4E2F-AB91-F56DD547F977}.Release|Any CPU.ActiveCfg = Release|Any CPU
		{F22E5BD1-5A2E-4E2F-AB91-F56DD547F977}.Release|Any CPU.Build.0 = Release|Any CPU
		{5EB5136A-5B83-43F7-A887-6A293FE5AFD4}.Debug|Any CPU.ActiveCfg = Debug|Any CPU
		{5EB5136A-5B83-43F7-A887-6A293FE5AFD4}.Debug|Any CPU.Build.0 = Debug|Any CPU
		{5EB5136A-5B83-43F7-A887-6A293FE5AFD4}.Release|Any CPU.ActiveCfg = Release|Any CPU
		{5EB5136A-5B83-43F7-A887-6A293FE5AFD4}.Release|Any CPU.Build.0 = Release|Any CPU
		{A076B995-1549-442D-BD7E-2D15656591C7}.Debug|Any CPU.ActiveCfg = Debug|Any CPU
		{A076B995-1549-442D-BD7E-2D15656591C7}.Debug|Any CPU.Build.0 = Debug|Any CPU
		{A076B995-1549-442D-BD7E-2D15656591C7}.Release|Any CPU.ActiveCfg = Release|Any CPU
		{A076B995-1549-442D-BD7E-2D15656591C7}.Release|Any CPU.Build.0 = Release|Any CPU
		{32ED1DD0-E97C-4339-B181-CAD6E1456686}.Debug|Any CPU.ActiveCfg = Debug|Any CPU
		{32ED1DD0-E97C-4339-B181-CAD6E1456686}.Debug|Any CPU.Build.0 = Debug|Any CPU
		{32ED1DD0-E97C-4339-B181-CAD6E1456686}.Release|Any CPU.ActiveCfg = Release|Any CPU
		{32ED1DD0-E97C-4339-B181-CAD6E1456686}.Release|Any CPU.Build.0 = Release|Any CPU
		{964ABC5F-41DC-407D-8C33-E1AD71959A73}.Debug|Any CPU.ActiveCfg = Debug|Any CPU
		{964ABC5F-41DC-407D-8C33-E1AD71959A73}.Debug|Any CPU.Build.0 = Debug|Any CPU
		{964ABC5F-41DC-407D-8C33-E1AD71959A73}.Release|Any CPU.ActiveCfg = Release|Any CPU
		{964ABC5F-41DC-407D-8C33-E1AD71959A73}.Release|Any CPU.Build.0 = Release|Any CPU
		{74EEC630-9740-40BF-A6CF-2E0B95AA6DE1}.Debug|Any CPU.ActiveCfg = Debug|Any CPU
		{74EEC630-9740-40BF-A6CF-2E0B95AA6DE1}.Debug|Any CPU.Build.0 = Debug|Any CPU
		{74EEC630-9740-40BF-A6CF-2E0B95AA6DE1}.Release|Any CPU.ActiveCfg = Release|Any CPU
		{74EEC630-9740-40BF-A6CF-2E0B95AA6DE1}.Release|Any CPU.Build.0 = Release|Any CPU
		{06139E4B-C94D-4090-95AB-C6E137BE9756}.Debug|Any CPU.ActiveCfg = Debug|Any CPU
		{06139E4B-C94D-4090-95AB-C6E137BE9756}.Debug|Any CPU.Build.0 = Debug|Any CPU
		{06139E4B-C94D-4090-95AB-C6E137BE9756}.Release|Any CPU.ActiveCfg = Release|Any CPU
		{06139E4B-C94D-4090-95AB-C6E137BE9756}.Release|Any CPU.Build.0 = Release|Any CPU
		{2B34D23B-1D69-46FE-B695-930AA3C0956B}.Debug|Any CPU.ActiveCfg = Debug|Any CPU
		{2B34D23B-1D69-46FE-B695-930AA3C0956B}.Debug|Any CPU.Build.0 = Debug|Any CPU
		{2B34D23B-1D69-46FE-B695-930AA3C0956B}.Release|Any CPU.ActiveCfg = Release|Any CPU
		{2B34D23B-1D69-46FE-B695-930AA3C0956B}.Release|Any CPU.Build.0 = Release|Any CPU
		{00677E44-3048-4BAA-8F97-B577CC0EB788}.Debug|Any CPU.ActiveCfg = Debug|Any CPU
		{00677E44-3048-4BAA-8F97-B577CC0EB788}.Debug|Any CPU.Build.0 = Debug|Any CPU
		{00677E44-3048-4BAA-8F97-B577CC0EB788}.Release|Any CPU.ActiveCfg = Release|Any CPU
		{00677E44-3048-4BAA-8F97-B577CC0EB788}.Release|Any CPU.Build.0 = Release|Any CPU
		{2DF44392-8882-46B1-8061-61DDBCA358BD}.Debug|Any CPU.ActiveCfg = Debug|Any CPU
		{2DF44392-8882-46B1-8061-61DDBCA358BD}.Debug|Any CPU.Build.0 = Debug|Any CPU
		{2DF44392-8882-46B1-8061-61DDBCA358BD}.Release|Any CPU.ActiveCfg = Release|Any CPU
		{2DF44392-8882-46B1-8061-61DDBCA358BD}.Release|Any CPU.Build.0 = Release|Any CPU
		{5C2FCDBA-408B-4AEB-9920-D648324A270F}.Debug|Any CPU.ActiveCfg = Debug|Any CPU
		{5C2FCDBA-408B-4AEB-9920-D648324A270F}.Debug|Any CPU.Build.0 = Debug|Any CPU
		{5C2FCDBA-408B-4AEB-9920-D648324A270F}.Release|Any CPU.ActiveCfg = Release|Any CPU
		{5C2FCDBA-408B-4AEB-9920-D648324A270F}.Release|Any CPU.Build.0 = Release|Any CPU
		{1107E134-58ED-41CC-9B69-0B33AB91B8E8}.Debug|Any CPU.ActiveCfg = Debug|Any CPU
		{1107E134-58ED-41CC-9B69-0B33AB91B8E8}.Debug|Any CPU.Build.0 = Debug|Any CPU
		{1107E134-58ED-41CC-9B69-0B33AB91B8E8}.Release|Any CPU.ActiveCfg = Release|Any CPU
		{1107E134-58ED-41CC-9B69-0B33AB91B8E8}.Release|Any CPU.Build.0 = Release|Any CPU
		{DD35341A-6707-459D-9A56-E32A9E6CD1E7}.Debug|Any CPU.ActiveCfg = Debug|Any CPU
		{DD35341A-6707-459D-9A56-E32A9E6CD1E7}.Debug|Any CPU.Build.0 = Debug|Any CPU
		{DD35341A-6707-459D-9A56-E32A9E6CD1E7}.Release|Any CPU.ActiveCfg = Release|Any CPU
		{DD35341A-6707-459D-9A56-E32A9E6CD1E7}.Release|Any CPU.Build.0 = Release|Any CPU
		{844BF139-69A8-4FB8-BCAB-5E9D3FDDA3E8}.Debug|Any CPU.ActiveCfg = Debug|Any CPU
		{844BF139-69A8-4FB8-BCAB-5E9D3FDDA3E8}.Debug|Any CPU.Build.0 = Debug|Any CPU
		{844BF139-69A8-4FB8-BCAB-5E9D3FDDA3E8}.Release|Any CPU.ActiveCfg = Release|Any CPU
		{844BF139-69A8-4FB8-BCAB-5E9D3FDDA3E8}.Release|Any CPU.Build.0 = Release|Any CPU
		{6F5E6A59-C578-4C26-9016-06A0CD357FAE}.Debug|Any CPU.ActiveCfg = Debug|Any CPU
		{6F5E6A59-C578-4C26-9016-06A0CD357FAE}.Debug|Any CPU.Build.0 = Debug|Any CPU
		{6F5E6A59-C578-4C26-9016-06A0CD357FAE}.Release|Any CPU.ActiveCfg = Release|Any CPU
		{6F5E6A59-C578-4C26-9016-06A0CD357FAE}.Release|Any CPU.Build.0 = Release|Any CPU
		{7625A5C3-2548-4B64-9FB1-B55866829F33}.Debug|Any CPU.ActiveCfg = Debug|Any CPU
		{7625A5C3-2548-4B64-9FB1-B55866829F33}.Debug|Any CPU.Build.0 = Debug|Any CPU
		{7625A5C3-2548-4B64-9FB1-B55866829F33}.Release|Any CPU.ActiveCfg = Release|Any CPU
		{7625A5C3-2548-4B64-9FB1-B55866829F33}.Release|Any CPU.Build.0 = Release|Any CPU
		{7D28EEFB-17FD-4D86-99E4-6B5A3C490BE3}.Debug|Any CPU.ActiveCfg = Debug|Any CPU
		{7D28EEFB-17FD-4D86-99E4-6B5A3C490BE3}.Debug|Any CPU.Build.0 = Debug|Any CPU
		{7D28EEFB-17FD-4D86-99E4-6B5A3C490BE3}.Release|Any CPU.ActiveCfg = Release|Any CPU
		{7D28EEFB-17FD-4D86-99E4-6B5A3C490BE3}.Release|Any CPU.Build.0 = Release|Any CPU
		{4F596116-C130-41F1-8D4D-7ED73E43D257}.Debug|Any CPU.ActiveCfg = Debug|Any CPU
		{4F596116-C130-41F1-8D4D-7ED73E43D257}.Debug|Any CPU.Build.0 = Debug|Any CPU
		{4F596116-C130-41F1-8D4D-7ED73E43D257}.Release|Any CPU.ActiveCfg = Release|Any CPU
		{4F596116-C130-41F1-8D4D-7ED73E43D257}.Release|Any CPU.Build.0 = Release|Any CPU
		{DE05E6A4-EDF4-4A88-80BF-328CA3AEAEAC}.Debug|Any CPU.ActiveCfg = Debug|Any CPU
		{DE05E6A4-EDF4-4A88-80BF-328CA3AEAEAC}.Debug|Any CPU.Build.0 = Debug|Any CPU
		{DE05E6A4-EDF4-4A88-80BF-328CA3AEAEAC}.Release|Any CPU.ActiveCfg = Release|Any CPU
		{DE05E6A4-EDF4-4A88-80BF-328CA3AEAEAC}.Release|Any CPU.Build.0 = Release|Any CPU
		{4D6A8061-14A5-4E0B-8D0B-8B7C67A0EA24}.Debug|Any CPU.ActiveCfg = Debug|Any CPU
		{4D6A8061-14A5-4E0B-8D0B-8B7C67A0EA24}.Debug|Any CPU.Build.0 = Debug|Any CPU
		{4D6A8061-14A5-4E0B-8D0B-8B7C67A0EA24}.Release|Any CPU.ActiveCfg = Release|Any CPU
		{4D6A8061-14A5-4E0B-8D0B-8B7C67A0EA24}.Release|Any CPU.Build.0 = Release|Any CPU
		{F145B68A-E3A7-4001-9C56-A5EC3DDE329C}.Debug|Any CPU.ActiveCfg = Debug|Any CPU
		{F145B68A-E3A7-4001-9C56-A5EC3DDE329C}.Debug|Any CPU.Build.0 = Debug|Any CPU
		{F145B68A-E3A7-4001-9C56-A5EC3DDE329C}.Release|Any CPU.ActiveCfg = Release|Any CPU
		{F145B68A-E3A7-4001-9C56-A5EC3DDE329C}.Release|Any CPU.Build.0 = Release|Any CPU
		{DA38A60E-1D85-41BC-BED2-07AA721EE9C7}.Debug|Any CPU.ActiveCfg = Debug|Any CPU
		{DA38A60E-1D85-41BC-BED2-07AA721EE9C7}.Debug|Any CPU.Build.0 = Debug|Any CPU
		{DA38A60E-1D85-41BC-BED2-07AA721EE9C7}.Release|Any CPU.ActiveCfg = Release|Any CPU
		{DA38A60E-1D85-41BC-BED2-07AA721EE9C7}.Release|Any CPU.Build.0 = Release|Any CPU
		{0B8F189D-B697-457C-B2D5-E1C65EA349BC}.Debug|Any CPU.ActiveCfg = Debug|Any CPU
		{0B8F189D-B697-457C-B2D5-E1C65EA349BC}.Debug|Any CPU.Build.0 = Debug|Any CPU
		{0B8F189D-B697-457C-B2D5-E1C65EA349BC}.Release|Any CPU.ActiveCfg = Release|Any CPU
		{0B8F189D-B697-457C-B2D5-E1C65EA349BC}.Release|Any CPU.Build.0 = Release|Any CPU
		{61816498-35A2-48E2-8EFE-96E90C652675}.Debug|Any CPU.ActiveCfg = Debug|Any CPU
		{61816498-35A2-48E2-8EFE-96E90C652675}.Debug|Any CPU.Build.0 = Debug|Any CPU
		{61816498-35A2-48E2-8EFE-96E90C652675}.Release|Any CPU.ActiveCfg = Release|Any CPU
		{61816498-35A2-48E2-8EFE-96E90C652675}.Release|Any CPU.Build.0 = Release|Any CPU
		{9FC1AA36-6334-4A62-AB19-C091BBFDD1E0}.Debug|Any CPU.ActiveCfg = Debug|Any CPU
		{9FC1AA36-6334-4A62-AB19-C091BBFDD1E0}.Debug|Any CPU.Build.0 = Debug|Any CPU
		{9FC1AA36-6334-4A62-AB19-C091BBFDD1E0}.Release|Any CPU.ActiveCfg = Release|Any CPU
		{9FC1AA36-6334-4A62-AB19-C091BBFDD1E0}.Release|Any CPU.Build.0 = Release|Any CPU
		{7440FFDC-3815-4C7D-B4C6-FE1D521AD1FE}.Debug|Any CPU.ActiveCfg = Debug|Any CPU
		{7440FFDC-3815-4C7D-B4C6-FE1D521AD1FE}.Debug|Any CPU.Build.0 = Debug|Any CPU
		{7440FFDC-3815-4C7D-B4C6-FE1D521AD1FE}.Release|Any CPU.ActiveCfg = Release|Any CPU
		{7440FFDC-3815-4C7D-B4C6-FE1D521AD1FE}.Release|Any CPU.Build.0 = Release|Any CPU
		{65543A7D-9B20-4C42-9072-1C12BEA1FDEE}.Debug|Any CPU.ActiveCfg = Debug|Any CPU
		{65543A7D-9B20-4C42-9072-1C12BEA1FDEE}.Debug|Any CPU.Build.0 = Debug|Any CPU
		{65543A7D-9B20-4C42-9072-1C12BEA1FDEE}.Release|Any CPU.ActiveCfg = Release|Any CPU
		{65543A7D-9B20-4C42-9072-1C12BEA1FDEE}.Release|Any CPU.Build.0 = Release|Any CPU
		{A0B71FF5-2E4D-4B17-99D9-B3C2C1C593E6}.Debug|Any CPU.ActiveCfg = Debug|Any CPU
		{A0B71FF5-2E4D-4B17-99D9-B3C2C1C593E6}.Debug|Any CPU.Build.0 = Debug|Any CPU
		{A0B71FF5-2E4D-4B17-99D9-B3C2C1C593E6}.Release|Any CPU.ActiveCfg = Release|Any CPU
		{A0B71FF5-2E4D-4B17-99D9-B3C2C1C593E6}.Release|Any CPU.Build.0 = Release|Any CPU
		{C6EEBB52-183F-418F-A5C0-458D146C10A2}.Debug|Any CPU.ActiveCfg = Debug|Any CPU
		{C6EEBB52-183F-418F-A5C0-458D146C10A2}.Debug|Any CPU.Build.0 = Debug|Any CPU
		{C6EEBB52-183F-418F-A5C0-458D146C10A2}.Release|Any CPU.ActiveCfg = Release|Any CPU
		{C6EEBB52-183F-418F-A5C0-458D146C10A2}.Release|Any CPU.Build.0 = Release|Any CPU
		{76023624-8D28-4666-9CA6-5978ACC2571D}.Debug|Any CPU.ActiveCfg = Debug|Any CPU
		{76023624-8D28-4666-9CA6-5978ACC2571D}.Debug|Any CPU.Build.0 = Debug|Any CPU
		{76023624-8D28-4666-9CA6-5978ACC2571D}.Release|Any CPU.ActiveCfg = Release|Any CPU
		{76023624-8D28-4666-9CA6-5978ACC2571D}.Release|Any CPU.Build.0 = Release|Any CPU
		{AEDB2C9D-938E-484A-8DD8-7429E2BBB2A2}.Debug|Any CPU.ActiveCfg = Debug|Any CPU
		{AEDB2C9D-938E-484A-8DD8-7429E2BBB2A2}.Debug|Any CPU.Build.0 = Debug|Any CPU
		{AEDB2C9D-938E-484A-8DD8-7429E2BBB2A2}.Release|Any CPU.ActiveCfg = Release|Any CPU
		{AEDB2C9D-938E-484A-8DD8-7429E2BBB2A2}.Release|Any CPU.Build.0 = Release|Any CPU
		{1CB2DBCA-F097-485B-AD60-D3F427172259}.Debug|Any CPU.ActiveCfg = Debug|Any CPU
		{1CB2DBCA-F097-485B-AD60-D3F427172259}.Debug|Any CPU.Build.0 = Debug|Any CPU
		{1CB2DBCA-F097-485B-AD60-D3F427172259}.Release|Any CPU.ActiveCfg = Release|Any CPU
		{1CB2DBCA-F097-485B-AD60-D3F427172259}.Release|Any CPU.Build.0 = Release|Any CPU
	EndGlobalSection
	GlobalSection(SolutionProperties) = preSolution
		HideSolutionNode = FALSE
	EndGlobalSection
	GlobalSection(NestedProjects) = preSolution
		{90030E85-0C4F-456F-B879-443E8A3F220D} = {275E087F-A4E2-4A7B-A924-ED68E3A52086}
		{F23AC6C2-DE44-4699-999D-3C478EF3D691} = {275E087F-A4E2-4A7B-A924-ED68E3A52086}
		{AF3BADEA-CC93-4116-B3C1-F8D074EBEE4F} = {275E087F-A4E2-4A7B-A924-ED68E3A52086}
		{A066395F-6F73-45DC-B5A6-B4E306110DCE} = {275E087F-A4E2-4A7B-A924-ED68E3A52086}
		{08D9CD53-5812-4429-B163-0ECBB268B045} = {F23AC6C2-DE44-4699-999D-3C478EF3D691}
		{D665DADA-2F39-4EF7-BA71-BC34AED06CBF} = {F23AC6C2-DE44-4699-999D-3C478EF3D691}
		{ED05316B-7093-441E-84A3-C4836C748DCF} = {F23AC6C2-DE44-4699-999D-3C478EF3D691}
		{2D0A6C74-33EE-46AA-9B94-AC2600E67AC5} = {F23AC6C2-DE44-4699-999D-3C478EF3D691}
		{258C4D94-8BBF-4B10-8E17-5376BB4CE4D5} = {F23AC6C2-DE44-4699-999D-3C478EF3D691}
		{C54B0878-5E52-4DE2-A387-F593F5F097D7} = {F23AC6C2-DE44-4699-999D-3C478EF3D691}
		{7CAD05EF-1081-4479-872E-E67444023605} = {F23AC6C2-DE44-4699-999D-3C478EF3D691}
		{08A15913-72D1-4898-9BA5-228CB79EE5FE} = {F23AC6C2-DE44-4699-999D-3C478EF3D691}
		{19CE9630-AC73-4C32-AB75-F40FE1F317AA} = {F23AC6C2-DE44-4699-999D-3C478EF3D691}
		{FDB57330-DBB0-466C-B488-C81F8BFC6BDD} = {F23AC6C2-DE44-4699-999D-3C478EF3D691}
		{F1A7EE1A-DB21-40E9-A215-B9093CBE3116} = {F23AC6C2-DE44-4699-999D-3C478EF3D691}
		{F889E955-77A9-44FA-8663-674BE39C23F0} = {F23AC6C2-DE44-4699-999D-3C478EF3D691}
		{64B42E50-21A3-4F42-8D9D-CAD30493ECA1} = {F23AC6C2-DE44-4699-999D-3C478EF3D691}
		{9E4E6CCB-7E1C-45CA-A4BB-43D8102DF086} = {04472175-8BFD-4BA6-A0E4-241F186F89CC}
		{04472175-8BFD-4BA6-A0E4-241F186F89CC} = {275E087F-A4E2-4A7B-A924-ED68E3A52086}
		{9D78FE2C-4179-47F6-B28A-034868280197} = {275E087F-A4E2-4A7B-A924-ED68E3A52086}
		{2FE86E75-3007-4BCC-9FFD-B3D1FF06CA89} = {A066395F-6F73-45DC-B5A6-B4E306110DCE}
		{6A46E0DC-D958-46D9-A62D-45D7685E4FAA} = {A066395F-6F73-45DC-B5A6-B4E306110DCE}
		{B2857A9B-4405-402A-91C3-CFB63BEE5A70} = {A066395F-6F73-45DC-B5A6-B4E306110DCE}
		{C585E8D0-E63E-4A4F-B2C6-014EC6954C22} = {A066395F-6F73-45DC-B5A6-B4E306110DCE}
		{09EBCFD3-0802-4D18-AD79-FA76D1350C91} = {A066395F-6F73-45DC-B5A6-B4E306110DCE}
		{467DDCBB-A0B8-4CC9-812F-70E82385BE93} = {A066395F-6F73-45DC-B5A6-B4E306110DCE}
		{B8635509-F09B-454C-822E-CBD96FA170B6} = {A066395F-6F73-45DC-B5A6-B4E306110DCE}
		{EA4381F6-0C42-4665-943C-A17C1DAA0A8C} = {A066395F-6F73-45DC-B5A6-B4E306110DCE}
		{82D41F07-5E15-4862-B5D2-69BEFC6B1431} = {A066395F-6F73-45DC-B5A6-B4E306110DCE}
		{739B76C3-64A9-4888-8F3A-7F5D06B7B9EA} = {A066395F-6F73-45DC-B5A6-B4E306110DCE}
		{25B7E1B1-3157-4FD2-8604-A2085C4770B1} = {A066395F-6F73-45DC-B5A6-B4E306110DCE}
		{0974EAB5-2CD0-4A56-A2AA-9788E1DFA125} = {A066395F-6F73-45DC-B5A6-B4E306110DCE}
		{AC124C5D-B8D5-49C1-900E-3D030D70D741} = {A066395F-6F73-45DC-B5A6-B4E306110DCE}
		{F22E5BD1-5A2E-4E2F-AB91-F56DD547F977} = {A066395F-6F73-45DC-B5A6-B4E306110DCE}
		{5EB5136A-5B83-43F7-A887-6A293FE5AFD4} = {90030E85-0C4F-456F-B879-443E8A3F220D}
		{A076B995-1549-442D-BD7E-2D15656591C7} = {AF3BADEA-CC93-4116-B3C1-F8D074EBEE4F}
		{32ED1DD0-E97C-4339-B181-CAD6E1456686} = {AF3BADEA-CC93-4116-B3C1-F8D074EBEE4F}
		{964ABC5F-41DC-407D-8C33-E1AD71959A73} = {AF3BADEA-CC93-4116-B3C1-F8D074EBEE4F}
		{74EEC630-9740-40BF-A6CF-2E0B95AA6DE1} = {3398AB60-2DB7-464C-B211-C4120BE75582}
		{06139E4B-C94D-4090-95AB-C6E137BE9756} = {3398AB60-2DB7-464C-B211-C4120BE75582}
		{2B34D23B-1D69-46FE-B695-930AA3C0956B} = {3398AB60-2DB7-464C-B211-C4120BE75582}
		{3398AB60-2DB7-464C-B211-C4120BE75582} = {275E087F-A4E2-4A7B-A924-ED68E3A52086}
		{00677E44-3048-4BAA-8F97-B577CC0EB788} = {F23AC6C2-DE44-4699-999D-3C478EF3D691}
		{2DF44392-8882-46B1-8061-61DDBCA358BD} = {F23AC6C2-DE44-4699-999D-3C478EF3D691}
		{5C2FCDBA-408B-4AEB-9920-D648324A270F} = {F23AC6C2-DE44-4699-999D-3C478EF3D691}
		{1107E134-58ED-41CC-9B69-0B33AB91B8E8} = {F23AC6C2-DE44-4699-999D-3C478EF3D691}
		{DD35341A-6707-459D-9A56-E32A9E6CD1E7} = {F23AC6C2-DE44-4699-999D-3C478EF3D691}
		{844BF139-69A8-4FB8-BCAB-5E9D3FDDA3E8} = {F23AC6C2-DE44-4699-999D-3C478EF3D691}
		{6F5E6A59-C578-4C26-9016-06A0CD357FAE} = {A066395F-6F73-45DC-B5A6-B4E306110DCE}
		{7625A5C3-2548-4B64-9FB1-B55866829F33} = {F23AC6C2-DE44-4699-999D-3C478EF3D691}
		{7D28EEFB-17FD-4D86-99E4-6B5A3C490BE3} = {3398AB60-2DB7-464C-B211-C4120BE75582}
		{4F596116-C130-41F1-8D4D-7ED73E43D257} = {F23AC6C2-DE44-4699-999D-3C478EF3D691}
		{DE05E6A4-EDF4-4A88-80BF-328CA3AEAEAC} = {F23AC6C2-DE44-4699-999D-3C478EF3D691}
		{4D6A8061-14A5-4E0B-8D0B-8B7C67A0EA24} = {F23AC6C2-DE44-4699-999D-3C478EF3D691}
		{F145B68A-E3A7-4001-9C56-A5EC3DDE329C} = {F23AC6C2-DE44-4699-999D-3C478EF3D691}
		{DA38A60E-1D85-41BC-BED2-07AA721EE9C7} = {F23AC6C2-DE44-4699-999D-3C478EF3D691}
		{0B8F189D-B697-457C-B2D5-E1C65EA349BC} = {F23AC6C2-DE44-4699-999D-3C478EF3D691}
		{61816498-35A2-48E2-8EFE-96E90C652675} = {F23AC6C2-DE44-4699-999D-3C478EF3D691}
		{9FC1AA36-6334-4A62-AB19-C091BBFDD1E0} = {F23AC6C2-DE44-4699-999D-3C478EF3D691}
		{7440FFDC-3815-4C7D-B4C6-FE1D521AD1FE} = {F23AC6C2-DE44-4699-999D-3C478EF3D691}
		{65543A7D-9B20-4C42-9072-1C12BEA1FDEE} = {F23AC6C2-DE44-4699-999D-3C478EF3D691}
		{A0B71FF5-2E4D-4B17-99D9-B3C2C1C593E6} = {F23AC6C2-DE44-4699-999D-3C478EF3D691}
		{C6EEBB52-183F-418F-A5C0-458D146C10A2} = {A066395F-6F73-45DC-B5A6-B4E306110DCE}
		{76023624-8D28-4666-9CA6-5978ACC2571D} = {A066395F-6F73-45DC-B5A6-B4E306110DCE}
		{AEDB2C9D-938E-484A-8DD8-7429E2BBB2A2} = {3398AB60-2DB7-464C-B211-C4120BE75582}
		{1CB2DBCA-F097-485B-AD60-D3F427172259} = {A066395F-6F73-45DC-B5A6-B4E306110DCE}
	EndGlobalSection
	GlobalSection(ExtensibilityGlobals) = postSolution
		SolutionGuid = {46A1D25A-78D1-4476-9CBF-25B75E296341}
	EndGlobalSection
	GlobalSection(Performance) = preSolution
		HasPerformanceSessions = true
	EndGlobalSection
EndGlobal
